// !$*UTF8*$!
{
	archiveVersion = 1;
	classes = {
	};
	objectVersion = 77;
	objects = {

/* Begin PBXBuildFile section */
		5D229E3F2C99451F005FFADD /* NetworkClient in Frameworks */ = {isa = PBXBuildFile; productRef = 5D229E3E2C99451F005FFADD /* NetworkClient */; };
/* End PBXBuildFile section */

/* Begin PBXContainerItemProxy section */
		5D229D092C98BF84005FFADD /* PBXContainerItemProxy */ = {
			isa = PBXContainerItemProxy;
			containerPortal = 5D229CF02C98BF82005FFADD /* Project object */;
			proxyType = 1;
			remoteGlobalIDString = 5D229CF72C98BF82005FFADD;
			remoteInfo = FlickrPickr;
		};
		5D229D132C98BF84005FFADD /* PBXContainerItemProxy */ = {
			isa = PBXContainerItemProxy;
			containerPortal = 5D229CF02C98BF82005FFADD /* Project object */;
			proxyType = 1;
			remoteGlobalIDString = 5D229CF72C98BF82005FFADD;
			remoteInfo = FlickrPickr;
		};
/* End PBXContainerItemProxy section */

/* Begin PBXFileReference section */
		5D229CF82C98BF82005FFADD /* FlickrPickr.app */ = {isa = PBXFileReference; explicitFileType = wrapper.application; includeInIndex = 0; path = FlickrPickr.app; sourceTree = BUILT_PRODUCTS_DIR; };
		5D229D082C98BF84005FFADD /* FlickrPickrTests.xctest */ = {isa = PBXFileReference; explicitFileType = wrapper.cfbundle; includeInIndex = 0; path = FlickrPickrTests.xctest; sourceTree = BUILT_PRODUCTS_DIR; };
		5D229D122C98BF84005FFADD /* FlickrPickrUITests.xctest */ = {isa = PBXFileReference; explicitFileType = wrapper.cfbundle; includeInIndex = 0; path = FlickrPickrUITests.xctest; sourceTree = BUILT_PRODUCTS_DIR; };
/* End PBXFileReference section */

/* Begin PBXFileSystemSynchronizedRootGroup section */
		5D229CFA2C98BF82005FFADD /* FlickrPickr */ = {
			isa = PBXFileSystemSynchronizedRootGroup;
			path = FlickrPickr;
			sourceTree = "<group>";
		};
		5D229D0B2C98BF84005FFADD /* FlickrPickrTests */ = {
			isa = PBXFileSystemSynchronizedRootGroup;
			path = FlickrPickrTests;
			sourceTree = "<group>";
		};
		5D229D152C98BF84005FFADD /* FlickrPickrUITests */ = {
			isa = PBXFileSystemSynchronizedRootGroup;
			path = FlickrPickrUITests;
			sourceTree = "<group>";
		};
/* End PBXFileSystemSynchronizedRootGroup section */

/* Begin PBXFrameworksBuildPhase section */
		5D229CF52C98BF82005FFADD /* Frameworks */ = {
			isa = PBXFrameworksBuildPhase;
			buildActionMask = 2147483647;
			files = (
				5D229E3F2C99451F005FFADD /* NetworkClient in Frameworks */,
			);
			runOnlyForDeploymentPostprocessing = 0;
		};
		5D229D052C98BF84005FFADD /* Frameworks */ = {
			isa = PBXFrameworksBuildPhase;
			buildActionMask = 2147483647;
			files = (
			);
			runOnlyForDeploymentPostprocessing = 0;
		};
		5D229D0F2C98BF84005FFADD /* Frameworks */ = {
			isa = PBXFrameworksBuildPhase;
			buildActionMask = 2147483647;
			files = (
			);
			runOnlyForDeploymentPostprocessing = 0;
		};
/* End PBXFrameworksBuildPhase section */

/* Begin PBXGroup section */
		5D229CEF2C98BF82005FFADD = {
			isa = PBXGroup;
			children = (
				5D229CFA2C98BF82005FFADD /* FlickrPickr */,
				5D229D0B2C98BF84005FFADD /* FlickrPickrTests */,
				5D229D152C98BF84005FFADD /* FlickrPickrUITests */,
				5D229CF92C98BF82005FFADD /* Products */,
			);
			sourceTree = "<group>";
		};
		5D229CF92C98BF82005FFADD /* Products */ = {
			isa = PBXGroup;
			children = (
				5D229CF82C98BF82005FFADD /* FlickrPickr.app */,
				5D229D082C98BF84005FFADD /* FlickrPickrTests.xctest */,
				5D229D122C98BF84005FFADD /* FlickrPickrUITests.xctest */,
			);
			name = Products;
			sourceTree = "<group>";
		};
/* End PBXGroup section */

/* Begin PBXNativeTarget section */
		5D229CF72C98BF82005FFADD /* FlickrPickr */ = {
			isa = PBXNativeTarget;
			buildConfigurationList = 5D229D1C2C98BF84005FFADD /* Build configuration list for PBXNativeTarget "FlickrPickr" */;
			buildPhases = (
				5D229CF42C98BF82005FFADD /* Sources */,
				5D229CF52C98BF82005FFADD /* Frameworks */,
				5D229CF62C98BF82005FFADD /* Resources */,
			);
			buildRules = (
			);
			dependencies = (
				5D229E5C2C99460D005FFADD /* PBXTargetDependency */,
			);
			fileSystemSynchronizedGroups = (
				5D229CFA2C98BF82005FFADD /* FlickrPickr */,
			);
			name = FlickrPickr;
			packageProductDependencies = (
				5D229E3E2C99451F005FFADD /* NetworkClient */,
			);
			productName = FlickrPickr;
			productReference = 5D229CF82C98BF82005FFADD /* FlickrPickr.app */;
			productType = "com.apple.product-type.application";
		};
		5D229D072C98BF84005FFADD /* FlickrPickrTests */ = {
			isa = PBXNativeTarget;
			buildConfigurationList = 5D229D1F2C98BF84005FFADD /* Build configuration list for PBXNativeTarget "FlickrPickrTests" */;
			buildPhases = (
				5D229D042C98BF84005FFADD /* Sources */,
				5D229D052C98BF84005FFADD /* Frameworks */,
				5D229D062C98BF84005FFADD /* Resources */,
			);
			buildRules = (
			);
			dependencies = (
				5D229D0A2C98BF84005FFADD /* PBXTargetDependency */,
			);
			fileSystemSynchronizedGroups = (
				5D229D0B2C98BF84005FFADD /* FlickrPickrTests */,
			);
			name = FlickrPickrTests;
			packageProductDependencies = (
			);
			productName = FlickrPickrTests;
			productReference = 5D229D082C98BF84005FFADD /* FlickrPickrTests.xctest */;
			productType = "com.apple.product-type.bundle.unit-test";
		};
		5D229D112C98BF84005FFADD /* FlickrPickrUITests */ = {
			isa = PBXNativeTarget;
			buildConfigurationList = 5D229D222C98BF84005FFADD /* Build configuration list for PBXNativeTarget "FlickrPickrUITests" */;
			buildPhases = (
				5D229D0E2C98BF84005FFADD /* Sources */,
				5D229D0F2C98BF84005FFADD /* Frameworks */,
				5D229D102C98BF84005FFADD /* Resources */,
			);
			buildRules = (
			);
			dependencies = (
				5D229D142C98BF84005FFADD /* PBXTargetDependency */,
			);
			fileSystemSynchronizedGroups = (
				5D229D152C98BF84005FFADD /* FlickrPickrUITests */,
			);
			name = FlickrPickrUITests;
			packageProductDependencies = (
			);
			productName = FlickrPickrUITests;
			productReference = 5D229D122C98BF84005FFADD /* FlickrPickrUITests.xctest */;
			productType = "com.apple.product-type.bundle.ui-testing";
		};
/* End PBXNativeTarget section */

/* Begin PBXProject section */
		5D229CF02C98BF82005FFADD /* Project object */ = {
			isa = PBXProject;
			attributes = {
				BuildIndependentTargetsInParallel = 1;
				LastSwiftUpdateCheck = 1600;
				LastUpgradeCheck = 1600;
				TargetAttributes = {
					5D229CF72C98BF82005FFADD = {
						CreatedOnToolsVersion = 16.0;
					};
					5D229D072C98BF84005FFADD = {
						CreatedOnToolsVersion = 16.0;
						TestTargetID = 5D229CF72C98BF82005FFADD;
					};
					5D229D112C98BF84005FFADD = {
						CreatedOnToolsVersion = 16.0;
						TestTargetID = 5D229CF72C98BF82005FFADD;
					};
				};
			};
			buildConfigurationList = 5D229CF32C98BF82005FFADD /* Build configuration list for PBXProject "FlickrPickr" */;
			developmentRegion = en;
			hasScannedForEncodings = 0;
			knownRegions = (
				en,
				Base,
			);
			mainGroup = 5D229CEF2C98BF82005FFADD;
			minimizedProjectReferenceProxies = 1;
			packageReferences = (
				5D229E3D2C99451F005FFADD /* XCLocalSwiftPackageReference "NetworkClient" */,
			);
			preferredProjectObjectVersion = 77;
			productRefGroup = 5D229CF92C98BF82005FFADD /* Products */;
			projectDirPath = "";
			projectRoot = "";
			targets = (
				5D229CF72C98BF82005FFADD /* FlickrPickr */,
				5D229D072C98BF84005FFADD /* FlickrPickrTests */,
				5D229D112C98BF84005FFADD /* FlickrPickrUITests */,
			);
		};
/* End PBXProject section */

/* Begin PBXResourcesBuildPhase section */
		5D229CF62C98BF82005FFADD /* Resources */ = {
			isa = PBXResourcesBuildPhase;
			buildActionMask = 2147483647;
			files = (
			);
			runOnlyForDeploymentPostprocessing = 0;
		};
		5D229D062C98BF84005FFADD /* Resources */ = {
			isa = PBXResourcesBuildPhase;
			buildActionMask = 2147483647;
			files = (
			);
			runOnlyForDeploymentPostprocessing = 0;
		};
		5D229D102C98BF84005FFADD /* Resources */ = {
			isa = PBXResourcesBuildPhase;
			buildActionMask = 2147483647;
			files = (
			);
			runOnlyForDeploymentPostprocessing = 0;
		};
/* End PBXResourcesBuildPhase section */

/* Begin PBXSourcesBuildPhase section */
		5D229CF42C98BF82005FFADD /* Sources */ = {
			isa = PBXSourcesBuildPhase;
			buildActionMask = 2147483647;
			files = (
			);
			runOnlyForDeploymentPostprocessing = 0;
		};
		5D229D042C98BF84005FFADD /* Sources */ = {
			isa = PBXSourcesBuildPhase;
			buildActionMask = 2147483647;
			files = (
			);
			runOnlyForDeploymentPostprocessing = 0;
		};
		5D229D0E2C98BF84005FFADD /* Sources */ = {
			isa = PBXSourcesBuildPhase;
			buildActionMask = 2147483647;
			files = (
			);
			runOnlyForDeploymentPostprocessing = 0;
		};
/* End PBXSourcesBuildPhase section */

/* Begin PBXTargetDependency section */
		5D229D0A2C98BF84005FFADD /* PBXTargetDependency */ = {
			isa = PBXTargetDependency;
			target = 5D229CF72C98BF82005FFADD /* FlickrPickr */;
			targetProxy = 5D229D092C98BF84005FFADD /* PBXContainerItemProxy */;
		};
		5D229D142C98BF84005FFADD /* PBXTargetDependency */ = {
			isa = PBXTargetDependency;
			target = 5D229CF72C98BF82005FFADD /* FlickrPickr */;
			targetProxy = 5D229D132C98BF84005FFADD /* PBXContainerItemProxy */;
		};
		5D229E5C2C99460D005FFADD /* PBXTargetDependency */ = {
			isa = PBXTargetDependency;
			productRef = 5D229E5B2C99460D005FFADD /* NetworkClient */;
		};
/* End PBXTargetDependency section */

/* Begin XCBuildConfiguration section */
		5D229D1A2C98BF84005FFADD /* Debug */ = {
			isa = XCBuildConfiguration;
			buildSettings = {
				ALWAYS_SEARCH_USER_PATHS = NO;
				ASSETCATALOG_COMPILER_GENERATE_SWIFT_ASSET_SYMBOL_EXTENSIONS = YES;
				CLANG_ANALYZER_NONNULL = YES;
				CLANG_ANALYZER_NUMBER_OBJECT_CONVERSION = YES_AGGRESSIVE;
				CLANG_CXX_LANGUAGE_STANDARD = "gnu++20";
				CLANG_ENABLE_MODULES = YES;
				CLANG_ENABLE_OBJC_ARC = YES;
				CLANG_ENABLE_OBJC_WEAK = YES;
				CLANG_WARN_BLOCK_CAPTURE_AUTORELEASING = YES;
				CLANG_WARN_BOOL_CONVERSION = YES;
				CLANG_WARN_COMMA = YES;
				CLANG_WARN_CONSTANT_CONVERSION = YES;
				CLANG_WARN_DEPRECATED_OBJC_IMPLEMENTATIONS = YES;
				CLANG_WARN_DIRECT_OBJC_ISA_USAGE = YES_ERROR;
				CLANG_WARN_DOCUMENTATION_COMMENTS = YES;
				CLANG_WARN_EMPTY_BODY = YES;
				CLANG_WARN_ENUM_CONVERSION = YES;
				CLANG_WARN_INFINITE_RECURSION = YES;
				CLANG_WARN_INT_CONVERSION = YES;
				CLANG_WARN_NON_LITERAL_NULL_CONVERSION = YES;
				CLANG_WARN_OBJC_IMPLICIT_RETAIN_SELF = YES;
				CLANG_WARN_OBJC_LITERAL_CONVERSION = YES;
				CLANG_WARN_OBJC_ROOT_CLASS = YES_ERROR;
				CLANG_WARN_QUOTED_INCLUDE_IN_FRAMEWORK_HEADER = YES;
				CLANG_WARN_RANGE_LOOP_ANALYSIS = YES;
				CLANG_WARN_STRICT_PROTOTYPES = YES;
				CLANG_WARN_SUSPICIOUS_MOVE = YES;
				CLANG_WARN_UNGUARDED_AVAILABILITY = YES_AGGRESSIVE;
				CLANG_WARN_UNREACHABLE_CODE = YES;
				CLANG_WARN__DUPLICATE_METHOD_MATCH = YES;
				COPY_PHASE_STRIP = NO;
				DEBUG_INFORMATION_FORMAT = dwarf;
				ENABLE_STRICT_OBJC_MSGSEND = YES;
				ENABLE_TESTABILITY = YES;
				ENABLE_USER_SCRIPT_SANDBOXING = YES;
				GCC_C_LANGUAGE_STANDARD = gnu17;
				GCC_DYNAMIC_NO_PIC = NO;
				GCC_NO_COMMON_BLOCKS = YES;
				GCC_OPTIMIZATION_LEVEL = 0;
				GCC_PREPROCESSOR_DEFINITIONS = (
					"DEBUG=1",
					"$(inherited)",
				);
				GCC_WARN_64_TO_32_BIT_CONVERSION = YES;
				GCC_WARN_ABOUT_RETURN_TYPE = YES_ERROR;
				GCC_WARN_UNDECLARED_SELECTOR = YES;
				GCC_WARN_UNINITIALIZED_AUTOS = YES_AGGRESSIVE;
				GCC_WARN_UNUSED_FUNCTION = YES;
				GCC_WARN_UNUSED_VARIABLE = YES;
				IPHONEOS_DEPLOYMENT_TARGET = 18.0;
				LOCALIZATION_PREFERS_STRING_CATALOGS = YES;
				MTL_ENABLE_DEBUG_INFO = INCLUDE_SOURCE;
				MTL_FAST_MATH = YES;
				ONLY_ACTIVE_ARCH = YES;
				SDKROOT = iphoneos;
				SWIFT_ACTIVE_COMPILATION_CONDITIONS = "DEBUG $(inherited)";
				SWIFT_OPTIMIZATION_LEVEL = "-Onone";
			};
			name = Debug;
		};
		5D229D1B2C98BF84005FFADD /* Release */ = {
			isa = XCBuildConfiguration;
			buildSettings = {
				ALWAYS_SEARCH_USER_PATHS = NO;
				ASSETCATALOG_COMPILER_GENERATE_SWIFT_ASSET_SYMBOL_EXTENSIONS = YES;
				CLANG_ANALYZER_NONNULL = YES;
				CLANG_ANALYZER_NUMBER_OBJECT_CONVERSION = YES_AGGRESSIVE;
				CLANG_CXX_LANGUAGE_STANDARD = "gnu++20";
				CLANG_ENABLE_MODULES = YES;
				CLANG_ENABLE_OBJC_ARC = YES;
				CLANG_ENABLE_OBJC_WEAK = YES;
				CLANG_WARN_BLOCK_CAPTURE_AUTORELEASING = YES;
				CLANG_WARN_BOOL_CONVERSION = YES;
				CLANG_WARN_COMMA = YES;
				CLANG_WARN_CONSTANT_CONVERSION = YES;
				CLANG_WARN_DEPRECATED_OBJC_IMPLEMENTATIONS = YES;
				CLANG_WARN_DIRECT_OBJC_ISA_USAGE = YES_ERROR;
				CLANG_WARN_DOCUMENTATION_COMMENTS = YES;
				CLANG_WARN_EMPTY_BODY = YES;
				CLANG_WARN_ENUM_CONVERSION = YES;
				CLANG_WARN_INFINITE_RECURSION = YES;
				CLANG_WARN_INT_CONVERSION = YES;
				CLANG_WARN_NON_LITERAL_NULL_CONVERSION = YES;
				CLANG_WARN_OBJC_IMPLICIT_RETAIN_SELF = YES;
				CLANG_WARN_OBJC_LITERAL_CONVERSION = YES;
				CLANG_WARN_OBJC_ROOT_CLASS = YES_ERROR;
				CLANG_WARN_QUOTED_INCLUDE_IN_FRAMEWORK_HEADER = YES;
				CLANG_WARN_RANGE_LOOP_ANALYSIS = YES;
				CLANG_WARN_STRICT_PROTOTYPES = YES;
				CLANG_WARN_SUSPICIOUS_MOVE = YES;
				CLANG_WARN_UNGUARDED_AVAILABILITY = YES_AGGRESSIVE;
				CLANG_WARN_UNREACHABLE_CODE = YES;
				CLANG_WARN__DUPLICATE_METHOD_MATCH = YES;
				COPY_PHASE_STRIP = NO;
				DEBUG_INFORMATION_FORMAT = "dwarf-with-dsym";
				ENABLE_NS_ASSERTIONS = NO;
				ENABLE_STRICT_OBJC_MSGSEND = YES;
				ENABLE_USER_SCRIPT_SANDBOXING = YES;
				GCC_C_LANGUAGE_STANDARD = gnu17;
				GCC_NO_COMMON_BLOCKS = YES;
				GCC_WARN_64_TO_32_BIT_CONVERSION = YES;
				GCC_WARN_ABOUT_RETURN_TYPE = YES_ERROR;
				GCC_WARN_UNDECLARED_SELECTOR = YES;
				GCC_WARN_UNINITIALIZED_AUTOS = YES_AGGRESSIVE;
				GCC_WARN_UNUSED_FUNCTION = YES;
				GCC_WARN_UNUSED_VARIABLE = YES;
				IPHONEOS_DEPLOYMENT_TARGET = 18.0;
				LOCALIZATION_PREFERS_STRING_CATALOGS = YES;
				MTL_ENABLE_DEBUG_INFO = NO;
				MTL_FAST_MATH = YES;
				SDKROOT = iphoneos;
				SWIFT_COMPILATION_MODE = wholemodule;
				VALIDATE_PRODUCT = YES;
			};
			name = Release;
		};
		5D229D1D2C98BF84005FFADD /* Debug */ = {
			isa = XCBuildConfiguration;
			buildSettings = {
				ASSETCATALOG_COMPILER_APPICON_NAME = AppIcon;
				ASSETCATALOG_COMPILER_GLOBAL_ACCENT_COLOR_NAME = AccentColor;
				CODE_SIGN_STYLE = Automatic;
				CURRENT_PROJECT_VERSION = 1;
				DEVELOPMENT_ASSET_PATHS = "\"FlickrPickr/Preview Content\"";
				DEVELOPMENT_TEAM = QQVL95M6M7;
				ENABLE_PREVIEWS = YES;
				GENERATE_INFOPLIST_FILE = YES;
				INFOPLIST_KEY_UIApplicationSceneManifest_Generation = YES;
				INFOPLIST_KEY_UIApplicationSupportsIndirectInputEvents = YES;
				INFOPLIST_KEY_UILaunchScreen_Generation = YES;
				INFOPLIST_KEY_UISupportedInterfaceOrientations_iPad = "UIInterfaceOrientationPortrait UIInterfaceOrientationPortraitUpsideDown UIInterfaceOrientationLandscapeLeft UIInterfaceOrientationLandscapeRight";
				INFOPLIST_KEY_UISupportedInterfaceOrientations_iPhone = "UIInterfaceOrientationPortrait UIInterfaceOrientationLandscapeLeft UIInterfaceOrientationLandscapeRight";
				LD_RUNPATH_SEARCH_PATHS = (
					"$(inherited)",
					"@executable_path/Frameworks",
				);
				MARKETING_VERSION = 1.0;
				PRODUCT_BUNDLE_IDENTIFIER = com.circlecreativegroup.FlickrPickr;
				PRODUCT_NAME = "$(TARGET_NAME)";
				SWIFT_EMIT_LOC_STRINGS = YES;
				SWIFT_VERSION = 5.0;
				TARGETED_DEVICE_FAMILY = "1,2";
			};
			name = Debug;
		};
		5D229D1E2C98BF84005FFADD /* Release */ = {
			isa = XCBuildConfiguration;
			buildSettings = {
				ASSETCATALOG_COMPILER_APPICON_NAME = AppIcon;
				ASSETCATALOG_COMPILER_GLOBAL_ACCENT_COLOR_NAME = AccentColor;
				CODE_SIGN_STYLE = Automatic;
				CURRENT_PROJECT_VERSION = 1;
				DEVELOPMENT_ASSET_PATHS = "\"FlickrPickr/Preview Content\"";
				DEVELOPMENT_TEAM = QQVL95M6M7;
				ENABLE_PREVIEWS = YES;
				GENERATE_INFOPLIST_FILE = YES;
				INFOPLIST_KEY_UIApplicationSceneManifest_Generation = YES;
				INFOPLIST_KEY_UIApplicationSupportsIndirectInputEvents = YES;
				INFOPLIST_KEY_UILaunchScreen_Generation = YES;
				INFOPLIST_KEY_UISupportedInterfaceOrientations_iPad = "UIInterfaceOrientationPortrait UIInterfaceOrientationPortraitUpsideDown UIInterfaceOrientationLandscapeLeft UIInterfaceOrientationLandscapeRight";
				INFOPLIST_KEY_UISupportedInterfaceOrientations_iPhone = "UIInterfaceOrientationPortrait UIInterfaceOrientationLandscapeLeft UIInterfaceOrientationLandscapeRight";
				LD_RUNPATH_SEARCH_PATHS = (
					"$(inherited)",
					"@executable_path/Frameworks",
				);
				MARKETING_VERSION = 1.0;
				PRODUCT_BUNDLE_IDENTIFIER = com.circlecreativegroup.FlickrPickr;
				PRODUCT_NAME = "$(TARGET_NAME)";
				SWIFT_EMIT_LOC_STRINGS = YES;
				SWIFT_VERSION = 5.0;
				TARGETED_DEVICE_FAMILY = "1,2";
			};
			name = Release;
		};
		5D229D202C98BF84005FFADD /* Debug */ = {
			isa = XCBuildConfiguration;
			buildSettings = {
				BUNDLE_LOADER = "$(TEST_HOST)";
				CODE_SIGN_STYLE = Automatic;
				CURRENT_PROJECT_VERSION = 1;
				DEVELOPMENT_TEAM = QQVL95M6M7;
				GENERATE_INFOPLIST_FILE = YES;
				IPHONEOS_DEPLOYMENT_TARGET = 18.0;
				MARKETING_VERSION = 1.0;
				PRODUCT_BUNDLE_IDENTIFIER = com.circlecreativegroup.FlickrPickrTests;
				PRODUCT_NAME = "$(TARGET_NAME)";
				SWIFT_EMIT_LOC_STRINGS = NO;
				SWIFT_VERSION = 5.0;
				TARGETED_DEVICE_FAMILY = "1,2";
				TEST_HOST = "$(BUILT_PRODUCTS_DIR)/FlickrPickr.app/$(BUNDLE_EXECUTABLE_FOLDER_PATH)/FlickrPickr";
			};
			name = Debug;
		};
		5D229D212C98BF84005FFADD /* Release */ = {
			isa = XCBuildConfiguration;
			buildSettings = {
				BUNDLE_LOADER = "$(TEST_HOST)";
				CODE_SIGN_STYLE = Automatic;
				CURRENT_PROJECT_VERSION = 1;
				DEVELOPMENT_TEAM = QQVL95M6M7;
				GENERATE_INFOPLIST_FILE = YES;
				IPHONEOS_DEPLOYMENT_TARGET = 18.0;
				MARKETING_VERSION = 1.0;
				PRODUCT_BUNDLE_IDENTIFIER = com.circlecreativegroup.FlickrPickrTests;
				PRODUCT_NAME = "$(TARGET_NAME)";
				SWIFT_EMIT_LOC_STRINGS = NO;
				SWIFT_VERSION = 5.0;
				TARGETED_DEVICE_FAMILY = "1,2";
				TEST_HOST = "$(BUILT_PRODUCTS_DIR)/FlickrPickr.app/$(BUNDLE_EXECUTABLE_FOLDER_PATH)/FlickrPickr";
			};
			name = Release;
		};
		5D229D232C98BF84005FFADD /* Debug */ = {
			isa = XCBuildConfiguration;
			buildSettings = {
				CODE_SIGN_STYLE = Automatic;
				CURRENT_PROJECT_VERSION = 1;
				DEVELOPMENT_TEAM = QQVL95M6M7;
				GENERATE_INFOPLIST_FILE = YES;
				MARKETING_VERSION = 1.0;
				PRODUCT_BUNDLE_IDENTIFIER = com.circlecreativegroup.FlickrPickrUITests;
				PRODUCT_NAME = "$(TARGET_NAME)";
				SWIFT_EMIT_LOC_STRINGS = NO;
				SWIFT_VERSION = 5.0;
				TARGETED_DEVICE_FAMILY = "1,2";
				TEST_TARGET_NAME = FlickrPickr;
			};
			name = Debug;
		};
		5D229D242C98BF84005FFADD /* Release */ = {
			isa = XCBuildConfiguration;
			buildSettings = {
				CODE_SIGN_STYLE = Automatic;
				CURRENT_PROJECT_VERSION = 1;
				DEVELOPMENT_TEAM = QQVL95M6M7;
				GENERATE_INFOPLIST_FILE = YES;
				MARKETING_VERSION = 1.0;
				PRODUCT_BUNDLE_IDENTIFIER = com.circlecreativegroup.FlickrPickrUITests;
				PRODUCT_NAME = "$(TARGET_NAME)";
				SWIFT_EMIT_LOC_STRINGS = NO;
				SWIFT_VERSION = 5.0;
				TARGETED_DEVICE_FAMILY = "1,2";
				TEST_TARGET_NAME = FlickrPickr;
			};
			name = Release;
		};
/* End XCBuildConfiguration section */

/* Begin XCConfigurationList section */
		5D229CF32C98BF82005FFADD /* Build configuration list for PBXProject "FlickrPickr" */ = {
			isa = XCConfigurationList;
			buildConfigurations = (
				5D229D1A2C98BF84005FFADD /* Debug */,
				5D229D1B2C98BF84005FFADD /* Release */,
			);
			defaultConfigurationIsVisible = 0;
			defaultConfigurationName = Release;
		};
		5D229D1C2C98BF84005FFADD /* Build configuration list for PBXNativeTarget "FlickrPickr" */ = {
			isa = XCConfigurationList;
			buildConfigurations = (
				5D229D1D2C98BF84005FFADD /* Debug */,
				5D229D1E2C98BF84005FFADD /* Release */,
			);
			defaultConfigurationIsVisible = 0;
			defaultConfigurationName = Release;
		};
		5D229D1F2C98BF84005FFADD /* Build configuration list for PBXNativeTarget "FlickrPickrTests" */ = {
			isa = XCConfigurationList;
			buildConfigurations = (
				5D229D202C98BF84005FFADD /* Debug */,
				5D229D212C98BF84005FFADD /* Release */,
			);
			defaultConfigurationIsVisible = 0;
			defaultConfigurationName = Release;
		};
		5D229D222C98BF84005FFADD /* Build configuration list for PBXNativeTarget "FlickrPickrUITests" */ = {
			isa = XCConfigurationList;
			buildConfigurations = (
				5D229D232C98BF84005FFADD /* Debug */,
				5D229D242C98BF84005FFADD /* Release */,
			);
			defaultConfigurationIsVisible = 0;
			defaultConfigurationName = Release;
		};
/* End XCConfigurationList section */

/* Begin XCLocalSwiftPackageReference section */
		5D229E3D2C99451F005FFADD /* XCLocalSwiftPackageReference "NetworkClient" */ = {
			isa = XCLocalSwiftPackageReference;
			relativePath = NetworkClient;
		};
/* End XCLocalSwiftPackageReference section */

/* Begin XCSwiftPackageProductDependency section */
		5D229E3E2C99451F005FFADD /* NetworkClient */ = {
			isa = XCSwiftPackageProductDependency;
			productName = NetworkClient;
		};
		5D229E5B2C99460D005FFADD /* NetworkClient */ = {
			isa = XCSwiftPackageProductDependency;
			package = 5D229E3D2C99451F005FFADD /* XCLocalSwiftPackageReference "NetworkClient" */;
			productName = NetworkClient;
		};
/* End XCSwiftPackageProductDependency section */
	};
	rootObject = 5D229CF02C98BF82005FFADD /* Project object */;
}
